
Microsoft Visual Studio Solution File, Format Version 12.00
# Visual Studio Version 16
VisualStudioVersion = 16.0.32106.194
MinimumVisualStudioVersion = 10.0.40219.1
Project("{FAE04EC0-301F-11D3-BF4B-00C04F79EFBC}") = "ConsoleApp1", "ConsoleApp1.csproj", "{F31694F6-1D79-4676-8CA0-64C5EFCCF315}"
EndProject
Global
	GlobalSection(SolutionConfigurationPlatforms) = preSolution
		Debug|Any CPU = Debug|Any CPU
		Release|Any CPU = Release|Any CPU
	EndGlobalSection
	GlobalSection(ProjectConfigurationPlatforms) = postSolution
		{F31694F6-1D79-4676-8CA0-64C5EFCCF315}.Debug|Any CPU.ActiveCfg = Debug|Any CPU
		{F31694F6-1D79-4676-8CA0-64C5EFCCF315}.Debug|Any CPU.Build.0 = Debug|Any CPU
		{F31694F6-1D79-4676-8CA0-64C5EFCCF315}.Release|Any CPU.ActiveCfg = Release|Any CPU
		{F31694F6-1D79-4676-8CA0-64C5EFCCF315}.Release|Any CPU.Build.0 = Release|Any CPU
	EndGlobalSection
	GlobalSection(SolutionProperties) = preSolution
		HideSolutionNode = FALSE
	EndGlobalSection
	GlobalSection(ExtensibilityGlobals) = postSolution
		SolutionGuid = {9F63C04D-C07E-425E-B489-176C9D4381B0}
	EndGlobalSection
EndGlobal
