
Microsoft Visual Studio Solution File, Format Version 12.00
# Visual Studio Version 16
VisualStudioVersion = 16.0.31911.196
MinimumVisualStudioVersion = 10.0.40219.1
Project("{FAE04EC0-301F-11D3-BF4B-00C04F79EFBC}") = "Lab20", "Lab20\Lab20.csproj", "{77989A88-6BE5-4FA4-8859-5F0E6B514533}"
EndProject
Global
	GlobalSection(SolutionConfigurationPlatforms) = preSolution
		Debug|Any CPU = Debug|Any CPU
		Release|Any CPU = Release|Any CPU
	EndGlobalSection
	GlobalSection(ProjectConfigurationPlatforms) = postSolution
		{77989A88-6BE5-4FA4-8859-5F0E6B514533}.Debug|Any CPU.ActiveCfg = Debug|Any CPU
		{77989A88-6BE5-4FA4-8859-5F0E6B514533}.Debug|Any CPU.Build.0 = Debug|Any CPU
		{77989A88-6BE5-4FA4-8859-5F0E6B514533}.Release|Any CPU.ActiveCfg = Release|Any CPU
		{77989A88-6BE5-4FA4-8859-5F0E6B514533}.Release|Any CPU.Build.0 = Release|Any CPU
	EndGlobalSection
	GlobalSection(SolutionProperties) = preSolution
		HideSolutionNode = FALSE
	EndGlobalSection
	GlobalSection(ExtensibilityGlobals) = postSolution
		SolutionGuid = {7AD538F3-2A89-4B81-BA4D-B8E89B8328F0}
	EndGlobalSection
EndGlobal
